
Microsoft Visual Studio Solution File, Format Version 12.00
# Visual Studio 14
VisualStudioVersion = 14.0.25420.1
MinimumVisualStudioVersion = 10.0.40219.1
Project("{CC5FD16D-436D-48AD-A40C-5A424C6E3E79}") = "SFA.DAS.TokenService", "SFA.DAS.TokenService\SFA.DAS.TokenService.ccproj", "{53050CB4-9D3E-49F4-87D1-B302BB2BB191}"
EndProject
Project("{FAE04EC0-301F-11D3-BF4B-00C04F79EFBC}") = "SFA.DAS.TokenService.Api", "SFA.DAS.TokenService.Api\SFA.DAS.TokenService.Api.csproj", "{0D10676B-7029-414F-A0CB-4912580C455B}"
EndProject
Project("{FAE04EC0-301F-11D3-BF4B-00C04F79EFBC}") = "SFA.DAS.TokenService.Api.Types", "SFA.DAS.TokenService.Api.Types\SFA.DAS.TokenService.Api.Types.csproj", "{4FFDABE9-5DEA-4D90-94B9-4762125124B8}"
EndProject
Project("{FAE04EC0-301F-11D3-BF4B-00C04F79EFBC}") = "SFA.DAS.TokenService.Domain", "SFA.DAS.TokenService.Domain\SFA.DAS.TokenService.Domain.csproj", "{EC063189-E7EC-4EBA-BEF2-5747DA1ECD6F}"
EndProject
Project("{FAE04EC0-301F-11D3-BF4B-00C04F79EFBC}") = "SFA.DAS.TokenService.Infrastructure", "SFA.DAS.TokenService.Infrastructure\SFA.DAS.TokenService.Infrastructure.csproj", "{CBFF8FE7-049A-4640-8FC2-C19F03A14A74}"
EndProject
Project("{FAE04EC0-301F-11D3-BF4B-00C04F79EFBC}") = "SFA.DAS.TokenService.Application", "SFA.DAS.TokenService.Application\SFA.DAS.TokenService.Application.csproj", "{3F306477-1478-4E3E-B525-DF5E6514B394}"
EndProject
Project("{2150E333-8FDC-42A3-9474-1A3956D46DE8}") = "Build", "Build", "{7F830C60-7703-4326-BF1A-C0CED4AB7151}"
	ProjectSection(SolutionItems) = preProject
		Build.fsx = Build.fsx
		CustomTargets.fsx = CustomTargets.fsx
		DefaultTargets.fsx = DefaultTargets.fsx
		RunBuild.bat = RunBuild.bat
	EndProjectSection
EndProject
Project("{2150E333-8FDC-42A3-9474-1A3956D46DE8}") = "Tests", "Tests", "{AB5B9606-32E0-4B9F-9162-661F166FAD0A}"
EndProject
Project("{FAE04EC0-301F-11D3-BF4B-00C04F79EFBC}") = "SFA.DAS.TokenService.Application.UnitTests", "SFA.DAS.TokenService.Application.UnitTests\SFA.DAS.TokenService.Application.UnitTests.csproj", "{AB2EDE59-F0B7-4152-A48F-AA3E4F13CDDC}"
EndProject
Project("{FAE04EC0-301F-11D3-BF4B-00C04F79EFBC}") = "SFA.DAS.TokenService.Api.UnitTests", "SFA.DAS.TokenService.Api.UnitTests\SFA.DAS.TokenService.Api.UnitTests.csproj", "{875EDF14-EEF2-46BE-B395-851574F7835E}"
EndProject
Project("{FAE04EC0-301F-11D3-BF4B-00C04F79EFBC}") = "SFA.DAS.TokenService.Infrastructure.UnitTests", "SFA.DAS.TokenService.Infrastructure.UnitTests\SFA.DAS.TokenService.Infrastructure.UnitTests.csproj", "{CCF7E26D-EAE9-4A63-8303-4CD02CA8BC99}"
EndProject
Global
	GlobalSection(SolutionConfigurationPlatforms) = preSolution
		Debug|Any CPU = Debug|Any CPU
		Release|Any CPU = Release|Any CPU
	EndGlobalSection
	GlobalSection(ProjectConfigurationPlatforms) = postSolution
		{53050CB4-9D3E-49F4-87D1-B302BB2BB191}.Debug|Any CPU.ActiveCfg = Debug|Any CPU
		{53050CB4-9D3E-49F4-87D1-B302BB2BB191}.Debug|Any CPU.Build.0 = Debug|Any CPU
		{53050CB4-9D3E-49F4-87D1-B302BB2BB191}.Release|Any CPU.ActiveCfg = Release|Any CPU
		{53050CB4-9D3E-49F4-87D1-B302BB2BB191}.Release|Any CPU.Build.0 = Release|Any CPU
		{0D10676B-7029-414F-A0CB-4912580C455B}.Debug|Any CPU.ActiveCfg = Debug|Any CPU
		{0D10676B-7029-414F-A0CB-4912580C455B}.Debug|Any CPU.Build.0 = Debug|Any CPU
		{0D10676B-7029-414F-A0CB-4912580C455B}.Release|Any CPU.ActiveCfg = Release|Any CPU
		{0D10676B-7029-414F-A0CB-4912580C455B}.Release|Any CPU.Build.0 = Release|Any CPU
		{4FFDABE9-5DEA-4D90-94B9-4762125124B8}.Debug|Any CPU.ActiveCfg = Debug|Any CPU
		{4FFDABE9-5DEA-4D90-94B9-4762125124B8}.Debug|Any CPU.Build.0 = Debug|Any CPU
		{4FFDABE9-5DEA-4D90-94B9-4762125124B8}.Release|Any CPU.ActiveCfg = Release|Any CPU
		{4FFDABE9-5DEA-4D90-94B9-4762125124B8}.Release|Any CPU.Build.0 = Release|Any CPU
		{EC063189-E7EC-4EBA-BEF2-5747DA1ECD6F}.Debug|Any CPU.ActiveCfg = Debug|Any CPU
		{EC063189-E7EC-4EBA-BEF2-5747DA1ECD6F}.Debug|Any CPU.Build.0 = Debug|Any CPU
		{EC063189-E7EC-4EBA-BEF2-5747DA1ECD6F}.Release|Any CPU.ActiveCfg = Release|Any CPU
		{EC063189-E7EC-4EBA-BEF2-5747DA1ECD6F}.Release|Any CPU.Build.0 = Release|Any CPU
		{CBFF8FE7-049A-4640-8FC2-C19F03A14A74}.Debug|Any CPU.ActiveCfg = Debug|Any CPU
		{CBFF8FE7-049A-4640-8FC2-C19F03A14A74}.Debug|Any CPU.Build.0 = Debug|Any CPU
		{CBFF8FE7-049A-4640-8FC2-C19F03A14A74}.Release|Any CPU.ActiveCfg = Release|Any CPU
		{CBFF8FE7-049A-4640-8FC2-C19F03A14A74}.Release|Any CPU.Build.0 = Release|Any CPU
		{3F306477-1478-4E3E-B525-DF5E6514B394}.Debug|Any CPU.ActiveCfg = Debug|Any CPU
		{3F306477-1478-4E3E-B525-DF5E6514B394}.Debug|Any CPU.Build.0 = Debug|Any CPU
		{3F306477-1478-4E3E-B525-DF5E6514B394}.Release|Any CPU.ActiveCfg = Release|Any CPU
		{3F306477-1478-4E3E-B525-DF5E6514B394}.Release|Any CPU.Build.0 = Release|Any CPU
		{AB2EDE59-F0B7-4152-A48F-AA3E4F13CDDC}.Debug|Any CPU.ActiveCfg = Debug|Any CPU
		{AB2EDE59-F0B7-4152-A48F-AA3E4F13CDDC}.Debug|Any CPU.Build.0 = Debug|Any CPU
		{AB2EDE59-F0B7-4152-A48F-AA3E4F13CDDC}.Release|Any CPU.ActiveCfg = Release|Any CPU
		{AB2EDE59-F0B7-4152-A48F-AA3E4F13CDDC}.Release|Any CPU.Build.0 = Release|Any CPU
		{875EDF14-EEF2-46BE-B395-851574F7835E}.Debug|Any CPU.ActiveCfg = Debug|Any CPU
		{875EDF14-EEF2-46BE-B395-851574F7835E}.Debug|Any CPU.Build.0 = Debug|Any CPU
		{875EDF14-EEF2-46BE-B395-851574F7835E}.Release|Any CPU.ActiveCfg = Release|Any CPU
		{875EDF14-EEF2-46BE-B395-851574F7835E}.Release|Any CPU.Build.0 = Release|Any CPU
		{CCF7E26D-EAE9-4A63-8303-4CD02CA8BC99}.Debug|Any CPU.ActiveCfg = Debug|Any CPU
		{CCF7E26D-EAE9-4A63-8303-4CD02CA8BC99}.Debug|Any CPU.Build.0 = Debug|Any CPU
		{CCF7E26D-EAE9-4A63-8303-4CD02CA8BC99}.Release|Any CPU.ActiveCfg = Release|Any CPU
		{CCF7E26D-EAE9-4A63-8303-4CD02CA8BC99}.Release|Any CPU.Build.0 = Release|Any CPU
	EndGlobalSection
	GlobalSection(SolutionProperties) = preSolution
		HideSolutionNode = FALSE
	EndGlobalSection
	GlobalSection(NestedProjects) = preSolution
		{AB2EDE59-F0B7-4152-A48F-AA3E4F13CDDC} = {AB5B9606-32E0-4B9F-9162-661F166FAD0A}
		{875EDF14-EEF2-46BE-B395-851574F7835E} = {AB5B9606-32E0-4B9F-9162-661F166FAD0A}
		{CCF7E26D-EAE9-4A63-8303-4CD02CA8BC99} = {AB5B9606-32E0-4B9F-9162-661F166FAD0A}
	EndGlobalSection
EndGlobal
