
Microsoft Visual Studio Solution File, Format Version 12.00
Project("{FAE04EC0-301F-11D3-BF4B-00C04F79EFBC}") = "SFA.DAS.TokenService.Infrastructure", "SFA.DAS.TokenService.Infrastructure\SFA.DAS.TokenService.Infrastructure.csproj", "{68F89CEE-E184-4EFA-89CA-BBCE79FA02B9}"
EndProject
Project("{FAE04EC0-301F-11D3-BF4B-00C04F79EFBC}") = "SFA.DAS.TokenService.Domain", "SFA.DAS.TokenService.Domain\SFA.DAS.TokenService.Domain.csproj", "{CEB113E2-093E-4A15-9140-CD5CACE9D2D2}"
EndProject
Project("{FAE04EC0-301F-11D3-BF4B-00C04F79EFBC}") = "SFA.DAS.TokenService.Application", "SFA.DAS.TokenService.Application\SFA.DAS.TokenService.Application.csproj", "{D22D46AD-9426-4A49-80DF-8D5308F0FE5A}"
EndProject
Project("{2150E333-8FDC-42A3-9474-1A3956D46DE8}") = "Tests", "Tests", "{325DBD7A-8384-4E6E-AD13-E3E41DFB9C2D}"
EndProject
Project("{FAE04EC0-301F-11D3-BF4B-00C04F79EFBC}") = "SFA.DAS.TokenService.Api.Types", "SFA.DAS.TokenService.Api.Types\SFA.DAS.TokenService.Api.Types.csproj", "{1DD32BAE-25F1-4DCB-864A-334C06B1D550}"
EndProject
Project("{FAE04EC0-301F-11D3-BF4B-00C04F79EFBC}") = "SFA.DAS.TokenService.Api.Client", "SFA.DAS.TokenService.Api.Client\SFA.DAS.TokenService.Api.Client.csproj", "{530B5E9C-0FBB-4D21-89C6-685FC1AA2039}"
EndProject
Project("{FAE04EC0-301F-11D3-BF4B-00C04F79EFBC}") = "SFA.DAS.TokenService.Api", "SFA.DAS.TokenService.Api\SFA.DAS.TokenService.Api.csproj", "{2AF89914-D8EF-46AE-B803-4FE0EBB8936F}"
EndProject
Project("{FAE04EC0-301F-11D3-BF4B-00C04F79EFBC}") = "SFA.DAS.TokenService.Api.Client.UnitTests", "SFA.DAS.TokenService.Api.Client.UnitTests\SFA.DAS.TokenService.Api.Client.UnitTests.csproj", "{C4BFD8E7-094C-4593-9FCB-880B35646750}"
EndProject
Project("{FAE04EC0-301F-11D3-BF4B-00C04F79EFBC}") = "SFA.DAS.TokenService.Api.UnitTests", "SFA.DAS.TokenService.Api.UnitTests\SFA.DAS.TokenService.Api.UnitTests.csproj", "{8063AE71-C6C9-496E-9FBA-C88F5C8E8896}"
EndProject
Project("{FAE04EC0-301F-11D3-BF4B-00C04F79EFBC}") = "SFA.DAS.TokenService.Application.UnitTests", "SFA.DAS.TokenService.Application.UnitTests\SFA.DAS.TokenService.Application.UnitTests.csproj", "{6E8305EF-D06C-48EC-A315-9BD44602FABA}"
EndProject
Project("{FAE04EC0-301F-11D3-BF4B-00C04F79EFBC}") = "SFA.DAS.TokenService.Infrastructure.UnitTests", "SFA.DAS.TokenService.Infrastructure.UnitTests\SFA.DAS.TokenService.Infrastructure.UnitTests.csproj", "{ADC1B218-B7E3-45B5-9924-AE6D1E340BDD}"
EndProject
Global
	GlobalSection(SolutionConfigurationPlatforms) = preSolution
		Debug|Any CPU = Debug|Any CPU
		Release|Any CPU = Release|Any CPU
	EndGlobalSection
	GlobalSection(ProjectConfigurationPlatforms) = postSolution
		{68F89CEE-E184-4EFA-89CA-BBCE79FA02B9}.Debug|Any CPU.ActiveCfg = Debug|Any CPU
		{68F89CEE-E184-4EFA-89CA-BBCE79FA02B9}.Debug|Any CPU.Build.0 = Debug|Any CPU
		{68F89CEE-E184-4EFA-89CA-BBCE79FA02B9}.Release|Any CPU.ActiveCfg = Release|Any CPU
		{68F89CEE-E184-4EFA-89CA-BBCE79FA02B9}.Release|Any CPU.Build.0 = Release|Any CPU
		{CEB113E2-093E-4A15-9140-CD5CACE9D2D2}.Debug|Any CPU.ActiveCfg = Debug|Any CPU
		{CEB113E2-093E-4A15-9140-CD5CACE9D2D2}.Debug|Any CPU.Build.0 = Debug|Any CPU
		{CEB113E2-093E-4A15-9140-CD5CACE9D2D2}.Release|Any CPU.ActiveCfg = Release|Any CPU
		{CEB113E2-093E-4A15-9140-CD5CACE9D2D2}.Release|Any CPU.Build.0 = Release|Any CPU
		{D22D46AD-9426-4A49-80DF-8D5308F0FE5A}.Debug|Any CPU.ActiveCfg = Debug|Any CPU
		{D22D46AD-9426-4A49-80DF-8D5308F0FE5A}.Debug|Any CPU.Build.0 = Debug|Any CPU
		{D22D46AD-9426-4A49-80DF-8D5308F0FE5A}.Release|Any CPU.ActiveCfg = Release|Any CPU
		{D22D46AD-9426-4A49-80DF-8D5308F0FE5A}.Release|Any CPU.Build.0 = Release|Any CPU
		{1DD32BAE-25F1-4DCB-864A-334C06B1D550}.Debug|Any CPU.ActiveCfg = Debug|Any CPU
		{1DD32BAE-25F1-4DCB-864A-334C06B1D550}.Debug|Any CPU.Build.0 = Debug|Any CPU
		{1DD32BAE-25F1-4DCB-864A-334C06B1D550}.Release|Any CPU.ActiveCfg = Release|Any CPU
		{1DD32BAE-25F1-4DCB-864A-334C06B1D550}.Release|Any CPU.Build.0 = Release|Any CPU
		{530B5E9C-0FBB-4D21-89C6-685FC1AA2039}.Debug|Any CPU.ActiveCfg = Debug|Any CPU
		{530B5E9C-0FBB-4D21-89C6-685FC1AA2039}.Debug|Any CPU.Build.0 = Debug|Any CPU
		{530B5E9C-0FBB-4D21-89C6-685FC1AA2039}.Release|Any CPU.ActiveCfg = Release|Any CPU
		{530B5E9C-0FBB-4D21-89C6-685FC1AA2039}.Release|Any CPU.Build.0 = Release|Any CPU
		{2AF89914-D8EF-46AE-B803-4FE0EBB8936F}.Debug|Any CPU.ActiveCfg = Debug|Any CPU
		{2AF89914-D8EF-46AE-B803-4FE0EBB8936F}.Debug|Any CPU.Build.0 = Debug|Any CPU
		{2AF89914-D8EF-46AE-B803-4FE0EBB8936F}.Release|Any CPU.ActiveCfg = Release|Any CPU
		{2AF89914-D8EF-46AE-B803-4FE0EBB8936F}.Release|Any CPU.Build.0 = Release|Any CPU
		{C4BFD8E7-094C-4593-9FCB-880B35646750}.Debug|Any CPU.ActiveCfg = Debug|Any CPU
		{C4BFD8E7-094C-4593-9FCB-880B35646750}.Debug|Any CPU.Build.0 = Debug|Any CPU
		{C4BFD8E7-094C-4593-9FCB-880B35646750}.Release|Any CPU.ActiveCfg = Release|Any CPU
		{C4BFD8E7-094C-4593-9FCB-880B35646750}.Release|Any CPU.Build.0 = Release|Any CPU
		{8063AE71-C6C9-496E-9FBA-C88F5C8E8896}.Debug|Any CPU.ActiveCfg = Debug|Any CPU
		{8063AE71-C6C9-496E-9FBA-C88F5C8E8896}.Debug|Any CPU.Build.0 = Debug|Any CPU
		{8063AE71-C6C9-496E-9FBA-C88F5C8E8896}.Release|Any CPU.ActiveCfg = Release|Any CPU
		{8063AE71-C6C9-496E-9FBA-C88F5C8E8896}.Release|Any CPU.Build.0 = Release|Any CPU
		{6E8305EF-D06C-48EC-A315-9BD44602FABA}.Debug|Any CPU.ActiveCfg = Debug|Any CPU
		{6E8305EF-D06C-48EC-A315-9BD44602FABA}.Debug|Any CPU.Build.0 = Debug|Any CPU
		{6E8305EF-D06C-48EC-A315-9BD44602FABA}.Release|Any CPU.ActiveCfg = Release|Any CPU
		{6E8305EF-D06C-48EC-A315-9BD44602FABA}.Release|Any CPU.Build.0 = Release|Any CPU
		{ADC1B218-B7E3-45B5-9924-AE6D1E340BDD}.Debug|Any CPU.ActiveCfg = Debug|Any CPU
		{ADC1B218-B7E3-45B5-9924-AE6D1E340BDD}.Debug|Any CPU.Build.0 = Debug|Any CPU
		{ADC1B218-B7E3-45B5-9924-AE6D1E340BDD}.Release|Any CPU.ActiveCfg = Release|Any CPU
		{ADC1B218-B7E3-45B5-9924-AE6D1E340BDD}.Release|Any CPU.Build.0 = Release|Any CPU
	EndGlobalSection
	GlobalSection(NestedProjects) = preSolution
		{C4BFD8E7-094C-4593-9FCB-880B35646750} = {325DBD7A-8384-4E6E-AD13-E3E41DFB9C2D}
		{8063AE71-C6C9-496E-9FBA-C88F5C8E8896} = {325DBD7A-8384-4E6E-AD13-E3E41DFB9C2D}
		{6E8305EF-D06C-48EC-A315-9BD44602FABA} = {325DBD7A-8384-4E6E-AD13-E3E41DFB9C2D}
		{ADC1B218-B7E3-45B5-9924-AE6D1E340BDD} = {325DBD7A-8384-4E6E-AD13-E3E41DFB9C2D}
	EndGlobalSection
EndGlobal
